// !$*UTF8*$!
{
	archiveVersion = 1;
	classes = {
	};
	objectVersion = 55;
	objects = {

/* Begin PBXBuildFile section */
		A039D5922835DAA700B7E677 /* AppDelegate.swift in Sources */ = {isa = PBXBuildFile; fileRef = A039D5912835DAA700B7E677 /* AppDelegate.swift */; };
		A039D5942835DAA700B7E677 /* SceneDelegate.swift in Sources */ = {isa = PBXBuildFile; fileRef = A039D5932835DAA700B7E677 /* SceneDelegate.swift */; };
		A039D5962835DAA700B7E677 /* MainViewController.swift in Sources */ = {isa = PBXBuildFile; fileRef = A039D5952835DAA700B7E677 /* MainViewController.swift */; };
		A039D59B2835DAA900B7E677 /* Assets.xcassets in Resources */ = {isa = PBXBuildFile; fileRef = A039D59A2835DAA900B7E677 /* Assets.xcassets */; };
		A039D59E2835DAA900B7E677 /* LaunchScreen.storyboard in Resources */ = {isa = PBXBuildFile; fileRef = A039D59C2835DAA900B7E677 /* LaunchScreen.storyboard */; };
		A039D5A72835DE1600B7E677 /* SnapKit in Frameworks */ = {isa = PBXBuildFile; productRef = A039D5A62835DE1600B7E677 /* SnapKit */; };
		A039D5AA2835DE2500B7E677 /* Kingfisher in Frameworks */ = {isa = PBXBuildFile; productRef = A039D5A92835DE2500B7E677 /* Kingfisher */; };
		A039D5AD2835DE3600B7E677 /* Alamofire in Frameworks */ = {isa = PBXBuildFile; productRef = A039D5AC2835DE3600B7E677 /* Alamofire */; };
		A0F171FC2835E41E00DF784B /* LikeViewController.swift in Sources */ = {isa = PBXBuildFile; fileRef = A0F171FB2835E41E00DF784B /* LikeViewController.swift */; };
		A0F171FF2836154A00DF784B /* NaverResponse.swift in Sources */ = {isa = PBXBuildFile; fileRef = A0F171FE2836154A00DF784B /* NaverResponse.swift */; };
		A0F172012836165300DF784B /* NetworkManager.swift in Sources */ = {isa = PBXBuildFile; fileRef = A0F172002836165300DF784B /* NetworkManager.swift */; };
		A0F172032837389700DF784B /* MovieTableViewCell.swift in Sources */ = {isa = PBXBuildFile; fileRef = A0F172022837389700DF784B /* MovieTableViewCell.swift */; };
		A0F172052837529E00DF784B /* DetailMovieViewController.swift in Sources */ = {isa = PBXBuildFile; fileRef = A0F172042837529E00DF784B /* DetailMovieViewController.swift */; };
		A0F17209283B71D500DF784B /* LikeTableViewCell.swift in Sources */ = {isa = PBXBuildFile; fileRef = A0F17208283B71D500DF784B /* LikeTableViewCell.swift */; };
		A0F1720C283C971900DF784B /* MovieManager.swift in Sources */ = {isa = PBXBuildFile; fileRef = A0F1720B283C971900DF784B /* MovieManager.swift */; };
/* End PBXBuildFile section */

/* Begin PBXFileReference section */
		A039D58E2835DAA700B7E677 /* SomeFiction.app */ = {isa = PBXFileReference; explicitFileType = wrapper.application; includeInIndex = 0; path = SomeFiction.app; sourceTree = BUILT_PRODUCTS_DIR; };
		A039D5912835DAA700B7E677 /* AppDelegate.swift */ = {isa = PBXFileReference; lastKnownFileType = sourcecode.swift; path = AppDelegate.swift; sourceTree = "<group>"; };
		A039D5932835DAA700B7E677 /* SceneDelegate.swift */ = {isa = PBXFileReference; lastKnownFileType = sourcecode.swift; path = SceneDelegate.swift; sourceTree = "<group>"; };
		A039D5952835DAA700B7E677 /* MainViewController.swift */ = {isa = PBXFileReference; lastKnownFileType = sourcecode.swift; path = MainViewController.swift; sourceTree = "<group>"; };
		A039D59A2835DAA900B7E677 /* Assets.xcassets */ = {isa = PBXFileReference; lastKnownFileType = folder.assetcatalog; path = Assets.xcassets; sourceTree = "<group>"; };
		A039D59D2835DAA900B7E677 /* Base */ = {isa = PBXFileReference; lastKnownFileType = file.storyboard; name = Base; path = Base.lproj/LaunchScreen.storyboard; sourceTree = "<group>"; };
		A039D59F2835DAA900B7E677 /* Info.plist */ = {isa = PBXFileReference; lastKnownFileType = text.plist.xml; path = Info.plist; sourceTree = "<group>"; };
		A0F171FB2835E41E00DF784B /* LikeViewController.swift */ = {isa = PBXFileReference; lastKnownFileType = sourcecode.swift; path = LikeViewController.swift; sourceTree = "<group>"; };
		A0F171FE2836154A00DF784B /* NaverResponse.swift */ = {isa = PBXFileReference; lastKnownFileType = sourcecode.swift; path = NaverResponse.swift; sourceTree = "<group>"; };
		A0F172002836165300DF784B /* NetworkManager.swift */ = {isa = PBXFileReference; lastKnownFileType = sourcecode.swift; path = NetworkManager.swift; sourceTree = "<group>"; };
		A0F172022837389700DF784B /* MovieTableViewCell.swift */ = {isa = PBXFileReference; lastKnownFileType = sourcecode.swift; path = MovieTableViewCell.swift; sourceTree = "<group>"; };
		A0F172042837529E00DF784B /* DetailMovieViewController.swift */ = {isa = PBXFileReference; lastKnownFileType = sourcecode.swift; path = DetailMovieViewController.swift; sourceTree = "<group>"; };
		A0F17208283B71D500DF784B /* LikeTableViewCell.swift */ = {isa = PBXFileReference; lastKnownFileType = sourcecode.swift; path = LikeTableViewCell.swift; sourceTree = "<group>"; };
		A0F1720B283C971900DF784B /* MovieManager.swift */ = {isa = PBXFileReference; lastKnownFileType = sourcecode.swift; path = MovieManager.swift; sourceTree = "<group>"; };
/* End PBXFileReference section */

/* Begin PBXFrameworksBuildPhase section */
		A039D58B2835DAA700B7E677 /* Frameworks */ = {
			isa = PBXFrameworksBuildPhase;
			buildActionMask = 2147483647;
			files = (
				A039D5AD2835DE3600B7E677 /* Alamofire in Frameworks */,
				A039D5AA2835DE2500B7E677 /* Kingfisher in Frameworks */,
				A039D5A72835DE1600B7E677 /* SnapKit in Frameworks */,
			);
			runOnlyForDeploymentPostprocessing = 0;
		};
/* End PBXFrameworksBuildPhase section */

/* Begin PBXGroup section */
		A039D5852835DAA700B7E677 = {
			isa = PBXGroup;
			children = (
				A039D5902835DAA700B7E677 /* SomeFiction */,
				A039D58F2835DAA700B7E677 /* Products */,
			);
			sourceTree = "<group>";
		};
		A039D58F2835DAA700B7E677 /* Products */ = {
			isa = PBXGroup;
			children = (
				A039D58E2835DAA700B7E677 /* SomeFiction.app */,
			);
			name = Products;
			sourceTree = "<group>";
		};
		A039D5902835DAA700B7E677 /* SomeFiction */ = {
			isa = PBXGroup;
			children = (
				A039D5912835DAA700B7E677 /* AppDelegate.swift */,
				A039D5932835DAA700B7E677 /* SceneDelegate.swift */,
				A0F1720E283CBE6100DF784B /* Model */,
				A0F1720D283CBE4000DF784B /* Manager */,
				A0F171FD2836140900DF784B /* Scenes */,
				A039D59A2835DAA900B7E677 /* Assets.xcassets */,
				A039D59C2835DAA900B7E677 /* LaunchScreen.storyboard */,
				A039D59F2835DAA900B7E677 /* Info.plist */,
			);
			path = SomeFiction;
			sourceTree = "<group>";
		};
		A0F171FD2836140900DF784B /* Scenes */ = {
			isa = PBXGroup;
			children = (
				A039D5952835DAA700B7E677 /* MainViewController.swift */,
				A0F172022837389700DF784B /* MovieTableViewCell.swift */,
				A0F172042837529E00DF784B /* DetailMovieViewController.swift */,
				A0F171FB2835E41E00DF784B /* LikeViewController.swift */,
				A0F17208283B71D500DF784B /* LikeTableViewCell.swift */,
			);
			path = Scenes;
			sourceTree = "<group>";
		};
		A0F1720D283CBE4000DF784B /* Manager */ = {
			isa = PBXGroup;
			children = (
				A0F172002836165300DF784B /* NetworkManager.swift */,
				A0F1720B283C971900DF784B /* MovieManager.swift */,
			);
			path = Manager;
			sourceTree = "<group>";
		};
		A0F1720E283CBE6100DF784B /* Model */ = {
			isa = PBXGroup;
			children = (
				A0F171FE2836154A00DF784B /* NaverResponse.swift */,
			);
			path = Model;
			sourceTree = "<group>";
		};
/* End PBXGroup section */

/* Begin PBXNativeTarget section */
		A039D58D2835DAA700B7E677 /* SomeFiction */ = {
			isa = PBXNativeTarget;
			buildConfigurationList = A039D5A22835DAA900B7E677 /* Build configuration list for PBXNativeTarget "SomeFiction" */;
			buildPhases = (
				A039D58A2835DAA700B7E677 /* Sources */,
				A039D58B2835DAA700B7E677 /* Frameworks */,
				A039D58C2835DAA700B7E677 /* Resources */,
			);
			buildRules = (
			);
			dependencies = (
			);
			name = SomeFiction;
			packageProductDependencies = (
				A039D5A62835DE1600B7E677 /* SnapKit */,
				A039D5A92835DE2500B7E677 /* Kingfisher */,
				A039D5AC2835DE3600B7E677 /* Alamofire */,
			);
			productName = SomeFiction;
			productReference = A039D58E2835DAA700B7E677 /* SomeFiction.app */;
			productType = "com.apple.product-type.application";
		};
/* End PBXNativeTarget section */

/* Begin PBXProject section */
		A039D5862835DAA700B7E677 /* Project object */ = {
			isa = PBXProject;
			attributes = {
				BuildIndependentTargetsInParallel = 1;
				LastSwiftUpdateCheck = 1330;
				LastUpgradeCheck = 1330;
				TargetAttributes = {
					A039D58D2835DAA700B7E677 = {
						CreatedOnToolsVersion = 13.3.1;
					};
				};
			};
			buildConfigurationList = A039D5892835DAA700B7E677 /* Build configuration list for PBXProject "SomeFiction" */;
			compatibilityVersion = "Xcode 13.0";
			developmentRegion = en;
			hasScannedForEncodings = 0;
			knownRegions = (
				en,
				Base,
			);
			mainGroup = A039D5852835DAA700B7E677;
			packageReferences = (
				A039D5A52835DE1600B7E677 /* XCRemoteSwiftPackageReference "SnapKit" */,
				A039D5A82835DE2500B7E677 /* XCRemoteSwiftPackageReference "Kingfisher" */,
				A039D5AB2835DE3600B7E677 /* XCRemoteSwiftPackageReference "Alamofire" */,
			);
			productRefGroup = A039D58F2835DAA700B7E677 /* Products */;
			projectDirPath = "";
			projectRoot = "";
			targets = (
				A039D58D2835DAA700B7E677 /* SomeFiction */,
			);
		};
/* End PBXProject section */

/* Begin PBXResourcesBuildPhase section */
		A039D58C2835DAA700B7E677 /* Resources */ = {
			isa = PBXResourcesBuildPhase;
			buildActionMask = 2147483647;
			files = (
				A039D59E2835DAA900B7E677 /* LaunchScreen.storyboard in Resources */,
				A039D59B2835DAA900B7E677 /* Assets.xcassets in Resources */,
			);
			runOnlyForDeploymentPostprocessing = 0;
		};
/* End PBXResourcesBuildPhase section */

/* Begin PBXSourcesBuildPhase section */
		A039D58A2835DAA700B7E677 /* Sources */ = {
			isa = PBXSourcesBuildPhase;
			buildActionMask = 2147483647;
			files = (
				A0F172012836165300DF784B /* NetworkManager.swift in Sources */,
				A039D5962835DAA700B7E677 /* MainViewController.swift in Sources */,
				A0F1720C283C971900DF784B /* MovieManager.swift in Sources */,
				A0F172032837389700DF784B /* MovieTableViewCell.swift in Sources */,
				A0F17209283B71D500DF784B /* LikeTableViewCell.swift in Sources */,
				A0F171FF2836154A00DF784B /* NaverResponse.swift in Sources */,
				A0F172052837529E00DF784B /* DetailMovieViewController.swift in Sources */,
				A039D5922835DAA700B7E677 /* AppDelegate.swift in Sources */,
				A039D5942835DAA700B7E677 /* SceneDelegate.swift in Sources */,
				A0F171FC2835E41E00DF784B /* LikeViewController.swift in Sources */,
			);
			runOnlyForDeploymentPostprocessing = 0;
		};
/* End PBXSourcesBuildPhase section */

/* Begin PBXVariantGroup section */
		A039D59C2835DAA900B7E677 /* LaunchScreen.storyboard */ = {
			isa = PBXVariantGroup;
			children = (
				A039D59D2835DAA900B7E677 /* Base */,
			);
			name = LaunchScreen.storyboard;
			sourceTree = "<group>";
		};
/* End PBXVariantGroup section */

/* Begin XCBuildConfiguration section */
		A039D5A02835DAA900B7E677 /* Debug */ = {
			isa = XCBuildConfiguration;
			buildSettings = {
				ALWAYS_SEARCH_USER_PATHS = NO;
				CLANG_ANALYZER_NONNULL = YES;
				CLANG_ANALYZER_NUMBER_OBJECT_CONVERSION = YES_AGGRESSIVE;
				CLANG_CXX_LANGUAGE_STANDARD = "gnu++17";
				CLANG_ENABLE_MODULES = YES;
				CLANG_ENABLE_OBJC_ARC = YES;
				CLANG_ENABLE_OBJC_WEAK = YES;
				CLANG_WARN_BLOCK_CAPTURE_AUTORELEASING = YES;
				CLANG_WARN_BOOL_CONVERSION = YES;
				CLANG_WARN_COMMA = YES;
				CLANG_WARN_CONSTANT_CONVERSION = YES;
				CLANG_WARN_DEPRECATED_OBJC_IMPLEMENTATIONS = YES;
				CLANG_WARN_DIRECT_OBJC_ISA_USAGE = YES_ERROR;
				CLANG_WARN_DOCUMENTATION_COMMENTS = YES;
				CLANG_WARN_EMPTY_BODY = YES;
				CLANG_WARN_ENUM_CONVERSION = YES;
				CLANG_WARN_INFINITE_RECURSION = YES;
				CLANG_WARN_INT_CONVERSION = YES;
				CLANG_WARN_NON_LITERAL_NULL_CONVERSION = YES;
				CLANG_WARN_OBJC_IMPLICIT_RETAIN_SELF = YES;
				CLANG_WARN_OBJC_LITERAL_CONVERSION = YES;
				CLANG_WARN_OBJC_ROOT_CLASS = YES_ERROR;
				CLANG_WARN_QUOTED_INCLUDE_IN_FRAMEWORK_HEADER = YES;
				CLANG_WARN_RANGE_LOOP_ANALYSIS = YES;
				CLANG_WARN_STRICT_PROTOTYPES = YES;
				CLANG_WARN_SUSPICIOUS_MOVE = YES;
				CLANG_WARN_UNGUARDED_AVAILABILITY = YES_AGGRESSIVE;
				CLANG_WARN_UNREACHABLE_CODE = YES;
				CLANG_WARN__DUPLICATE_METHOD_MATCH = YES;
				COPY_PHASE_STRIP = NO;
				DEBUG_INFORMATION_FORMAT = dwarf;
				ENABLE_STRICT_OBJC_MSGSEND = YES;
				ENABLE_TESTABILITY = YES;
				GCC_C_LANGUAGE_STANDARD = gnu11;
				GCC_DYNAMIC_NO_PIC = NO;
				GCC_NO_COMMON_BLOCKS = YES;
				GCC_OPTIMIZATION_LEVEL = 0;
				GCC_PREPROCESSOR_DEFINITIONS = (
					"DEBUG=1",
					"$(inherited)",
				);
				GCC_WARN_64_TO_32_BIT_CONVERSION = YES;
				GCC_WARN_ABOUT_RETURN_TYPE = YES_ERROR;
				GCC_WARN_UNDECLARED_SELECTOR = YES;
				GCC_WARN_UNINITIALIZED_AUTOS = YES_AGGRESSIVE;
				GCC_WARN_UNUSED_FUNCTION = YES;
				GCC_WARN_UNUSED_VARIABLE = YES;
				IPHONEOS_DEPLOYMENT_TARGET = 15.4;
				MTL_ENABLE_DEBUG_INFO = INCLUDE_SOURCE;
				MTL_FAST_MATH = YES;
				ONLY_ACTIVE_ARCH = YES;
				SDKROOT = iphoneos;
				SWIFT_ACTIVE_COMPILATION_CONDITIONS = DEBUG;
				SWIFT_OPTIMIZATION_LEVEL = "-Onone";
			};
			name = Debug;
		};
		A039D5A12835DAA900B7E677 /* Release */ = {
			isa = XCBuildConfiguration;
			buildSettings = {
				ALWAYS_SEARCH_USER_PATHS = NO;
				CLANG_ANALYZER_NONNULL = YES;
				CLANG_ANALYZER_NUMBER_OBJECT_CONVERSION = YES_AGGRESSIVE;
				CLANG_CXX_LANGUAGE_STANDARD = "gnu++17";
				CLANG_ENABLE_MODULES = YES;
				CLANG_ENABLE_OBJC_ARC = YES;
				CLANG_ENABLE_OBJC_WEAK = YES;
				CLANG_WARN_BLOCK_CAPTURE_AUTORELEASING = YES;
				CLANG_WARN_BOOL_CONVERSION = YES;
				CLANG_WARN_COMMA = YES;
				CLANG_WARN_CONSTANT_CONVERSION = YES;
				CLANG_WARN_DEPRECATED_OBJC_IMPLEMENTATIONS = YES;
				CLANG_WARN_DIRECT_OBJC_ISA_USAGE = YES_ERROR;
				CLANG_WARN_DOCUMENTATION_COMMENTS = YES;
				CLANG_WARN_EMPTY_BODY = YES;
				CLANG_WARN_ENUM_CONVERSION = YES;
				CLANG_WARN_INFINITE_RECURSION = YES;
				CLANG_WARN_INT_CONVERSION = YES;
				CLANG_WARN_NON_LITERAL_NULL_CONVERSION = YES;
				CLANG_WARN_OBJC_IMPLICIT_RETAIN_SELF = YES;
				CLANG_WARN_OBJC_LITERAL_CONVERSION = YES;
				CLANG_WARN_OBJC_ROOT_CLASS = YES_ERROR;
				CLANG_WARN_QUOTED_INCLUDE_IN_FRAMEWORK_HEADER = YES;
				CLANG_WARN_RANGE_LOOP_ANALYSIS = YES;
				CLANG_WARN_STRICT_PROTOTYPES = YES;
				CLANG_WARN_SUSPICIOUS_MOVE = YES;
				CLANG_WARN_UNGUARDED_AVAILABILITY = YES_AGGRESSIVE;
				CLANG_WARN_UNREACHABLE_CODE = YES;
				CLANG_WARN__DUPLICATE_METHOD_MATCH = YES;
				COPY_PHASE_STRIP = NO;
				DEBUG_INFORMATION_FORMAT = "dwarf-with-dsym";
				ENABLE_NS_ASSERTIONS = NO;
				ENABLE_STRICT_OBJC_MSGSEND = YES;
				GCC_C_LANGUAGE_STANDARD = gnu11;
				GCC_NO_COMMON_BLOCKS = YES;
				GCC_WARN_64_TO_32_BIT_CONVERSION = YES;
				GCC_WARN_ABOUT_RETURN_TYPE = YES_ERROR;
				GCC_WARN_UNDECLARED_SELECTOR = YES;
				GCC_WARN_UNINITIALIZED_AUTOS = YES_AGGRESSIVE;
				GCC_WARN_UNUSED_FUNCTION = YES;
				GCC_WARN_UNUSED_VARIABLE = YES;
				IPHONEOS_DEPLOYMENT_TARGET = 15.4;
				MTL_ENABLE_DEBUG_INFO = NO;
				MTL_FAST_MATH = YES;
				SDKROOT = iphoneos;
				SWIFT_COMPILATION_MODE = wholemodule;
				SWIFT_OPTIMIZATION_LEVEL = "-O";
				VALIDATE_PRODUCT = YES;
			};
			name = Release;
		};
		A039D5A32835DAA900B7E677 /* Debug */ = {
			isa = XCBuildConfiguration;
			buildSettings = {
				ASSETCATALOG_COMPILER_APPICON_NAME = AppIcon;
				ASSETCATALOG_COMPILER_GLOBAL_ACCENT_COLOR_NAME = AccentColor;
				CODE_SIGN_STYLE = Automatic;
				CURRENT_PROJECT_VERSION = 1;
				DEVELOPMENT_TEAM = HM9J3DG5MT;
				GENERATE_INFOPLIST_FILE = YES;
				INFOPLIST_FILE = SomeFiction/Info.plist;
				INFOPLIST_KEY_UIApplicationSupportsIndirectInputEvents = YES;
				INFOPLIST_KEY_UILaunchStoryboardName = LaunchScreen;
				INFOPLIST_KEY_UISupportedInterfaceOrientations_iPad = "UIInterfaceOrientationPortrait UIInterfaceOrientationPortraitUpsideDown UIInterfaceOrientationLandscapeLeft UIInterfaceOrientationLandscapeRight";
				INFOPLIST_KEY_UISupportedInterfaceOrientations_iPhone = "UIInterfaceOrientationPortrait UIInterfaceOrientationLandscapeLeft UIInterfaceOrientationLandscapeRight";
				IPHONEOS_DEPLOYMENT_TARGET = 13.0;
				LD_RUNPATH_SEARCH_PATHS = (
					"$(inherited)",
					"@executable_path/Frameworks",
				);
				MARKETING_VERSION = 1.0;
				PRODUCT_BUNDLE_IDENTIFIER = com.soduma.SomeFiction;
				PRODUCT_NAME = "$(TARGET_NAME)";
				SWIFT_EMIT_LOC_STRINGS = YES;
				SWIFT_VERSION = 5.0;
				TARGETED_DEVICE_FAMILY = "1,2";
			};
			name = Debug;
		};
		A039D5A42835DAA900B7E677 /* Release */ = {
			isa = XCBuildConfiguration;
			buildSettings = {
				ASSETCATALOG_COMPILER_APPICON_NAME = AppIcon;
				ASSETCATALOG_COMPILER_GLOBAL_ACCENT_COLOR_NAME = AccentColor;
				CODE_SIGN_STYLE = Automatic;
				CURRENT_PROJECT_VERSION = 1;
				DEVELOPMENT_TEAM = HM9J3DG5MT;
				GENERATE_INFOPLIST_FILE = YES;
				INFOPLIST_FILE = SomeFiction/Info.plist;
				INFOPLIST_KEY_UIApplicationSupportsIndirectInputEvents = YES;
				INFOPLIST_KEY_UILaunchStoryboardName = LaunchScreen;
				INFOPLIST_KEY_UISupportedInterfaceOrientations_iPad = "UIInterfaceOrientationPortrait UIInterfaceOrientationPortraitUpsideDown UIInterfaceOrientationLandscapeLeft UIInterfaceOrientationLandscapeRight";
				INFOPLIST_KEY_UISupportedInterfaceOrientations_iPhone = "UIInterfaceOrientationPortrait UIInterfaceOrientationLandscapeLeft UIInterfaceOrientationLandscapeRight";
				IPHONEOS_DEPLOYMENT_TARGET = 13.0;
				LD_RUNPATH_SEARCH_PATHS = (
					"$(inherited)",
					"@executable_path/Frameworks",
				);
				MARKETING_VERSION = 1.0;
				PRODUCT_BUNDLE_IDENTIFIER = com.soduma.SomeFiction;
				PRODUCT_NAME = "$(TARGET_NAME)";
				SWIFT_EMIT_LOC_STRINGS = YES;
				SWIFT_VERSION = 5.0;
				TARGETED_DEVICE_FAMILY = "1,2";
			};
			name = Release;
		};
/* End XCBuildConfiguration section */

/* Begin XCConfigurationList section */
		A039D5892835DAA700B7E677 /* Build configuration list for PBXProject "SomeFiction" */ = {
			isa = XCConfigurationList;
			buildConfigurations = (
				A039D5A02835DAA900B7E677 /* Debug */,
				A039D5A12835DAA900B7E677 /* Release */,
			);
			defaultConfigurationIsVisible = 0;
			defaultConfigurationName = Release;
		};
		A039D5A22835DAA900B7E677 /* Build configuration list for PBXNativeTarget "SomeFiction" */ = {
			isa = XCConfigurationList;
			buildConfigurations = (
				A039D5A32835DAA900B7E677 /* Debug */,
				A039D5A42835DAA900B7E677 /* Release */,
			);
			defaultConfigurationIsVisible = 0;
			defaultConfigurationName = Release;
		};
/* End XCConfigurationList section */

/* Begin XCRemoteSwiftPackageReference section */
		A039D5A52835DE1600B7E677 /* XCRemoteSwiftPackageReference "SnapKit" */ = {
			isa = XCRemoteSwiftPackageReference;
			repositoryURL = "https://github.com/SnapKit/SnapKit.git";
			requirement = {
				kind = upToNextMajorVersion;
				minimumVersion = 5.0.0;
			};
		};
		A039D5A82835DE2500B7E677 /* XCRemoteSwiftPackageReference "Kingfisher" */ = {
			isa = XCRemoteSwiftPackageReference;
			repositoryURL = "https://github.com/onevcat/Kingfisher.git";
			requirement = {
				kind = upToNextMajorVersion;
				minimumVersion = 7.0.0;
			};
		};
		A039D5AB2835DE3600B7E677 /* XCRemoteSwiftPackageReference "Alamofire" */ = {
			isa = XCRemoteSwiftPackageReference;
			repositoryURL = "https://github.com/Alamofire/Alamofire.git";
			requirement = {
				kind = upToNextMajorVersion;
				minimumVersion = 5.0.0;
			};
		};
/* End XCRemoteSwiftPackageReference section */

/* Begin XCSwiftPackageProductDependency section */
		A039D5A62835DE1600B7E677 /* SnapKit */ = {
			isa = XCSwiftPackageProductDependency;
			package = A039D5A52835DE1600B7E677 /* XCRemoteSwiftPackageReference "SnapKit" */;
			productName = SnapKit;
		};
		A039D5A92835DE2500B7E677 /* Kingfisher */ = {
			isa = XCSwiftPackageProductDependency;
			package = A039D5A82835DE2500B7E677 /* XCRemoteSwiftPackageReference "Kingfisher" */;
			productName = Kingfisher;
		};
		A039D5AC2835DE3600B7E677 /* Alamofire */ = {
			isa = XCSwiftPackageProductDependency;
			package = A039D5AB2835DE3600B7E677 /* XCRemoteSwiftPackageReference "Alamofire" */;
			productName = Alamofire;
		};
/* End XCSwiftPackageProductDependency section */
	};
	rootObject = A039D5862835DAA700B7E677 /* Project object */;
}
